<?xml version="1.0" encoding="utf-8"?>
<Project ToolsVersion="16.0" xmlns="http://schemas.microsoft.com/developer/msbuild/2003">
  <ItemGroup>
    <CustomBuild Include="D:\GLFW\glfw-3.3.4\Build\CMakeFiles\313efb51861f8dae8505957b58f020b8\INSTALL_force.rule">
      <Filter>CMake Rules</Filter>
    </CustomBuild>
  </ItemGroup>
  <ItemGroup>
    <Filter Include="CMake Rules">
      <UniqueIdentifier>{75724811-757D-3C96-A00B-03E374C71E1C}</UniqueIdentifier>
    </Filter>
  </ItemGroup>
</Project>
